
Microsoft Visual Studio Solution File, Format Version 12.00
# Visual Studio Version 17
VisualStudioVersion = 17.4.33213.308
MinimumVisualStudioVersion = 10.0.40219.1
Project("{FAE04EC0-301F-11D3-BF4B-00C04F79EFBC}") = "P0rnOpener1.0", "P0rnOpener1.0.csproj", "{1FDE9B6E-2CF8-47BA-B7CD-4E8F2E116398}"
EndProject
Global
	GlobalSection(SolutionConfigurationPlatforms) = preSolution
		Debug|Any CPU = Debug|Any CPU
		Release|Any CPU = Release|Any CPU
	EndGlobalSection
	GlobalSection(ProjectConfigurationPlatforms) = postSolution
		{1FDE9B6E-2CF8-47BA-B7CD-4E8F2E116398}.Debug|Any CPU.ActiveCfg = Debug|Any CPU
		{1FDE9B6E-2CF8-47BA-B7CD-4E8F2E116398}.Debug|Any CPU.Build.0 = Debug|Any CPU
		{1FDE9B6E-2CF8-47BA-B7CD-4E8F2E116398}.Release|Any CPU.ActiveCfg = Release|Any CPU
		{1FDE9B6E-2CF8-47BA-B7CD-4E8F2E116398}.Release|Any CPU.Build.0 = Release|Any CPU
	EndGlobalSection
	GlobalSection(SolutionProperties) = preSolution
		HideSolutionNode = FALSE
	EndGlobalSection
	GlobalSection(ExtensibilityGlobals) = postSolution
		SolutionGuid = {676552F4-926A-45F1-BF5F-CE11D3957BDE}
	EndGlobalSection
EndGlobal
